// !$*UTF8*$!
{
	archiveVersion = 1;
	classes = {
	};
	objectVersion = 50;
	objects = {

/* Begin PBXBuildFile section */
		8AD5907AA533C7805C819C62 /* Pods_RegistrationForms.framework in Frameworks */ = {isa = PBXBuildFile; fileRef = 906147EFD911F34D6D86865D /* Pods_RegistrationForms.framework */; };
		971507F1229C15D800F9AD5B /* AppDelegate.swift in Sources */ = {isa = PBXBuildFile; fileRef = 971507F0229C15D800F9AD5B /* AppDelegate.swift */; };
		971507F8229C15D900F9AD5B /* Assets.xcassets in Resources */ = {isa = PBXBuildFile; fileRef = 971507F7229C15D900F9AD5B /* Assets.xcassets */; };
		971507FB229C15D900F9AD5B /* LaunchScreen.storyboard in Resources */ = {isa = PBXBuildFile; fileRef = 971507F9229C15D900F9AD5B /* LaunchScreen.storyboard */; };
		97150826229C17A900F9AD5B /* RegistrationLocalDataManager.swift in Sources */ = {isa = PBXBuildFile; fileRef = 97150807229C17A900F9AD5B /* RegistrationLocalDataManager.swift */; };
		97150827229C17A900F9AD5B /* RegistrationRemoteDataManager.swift in Sources */ = {isa = PBXBuildFile; fileRef = 97150809229C17A900F9AD5B /* RegistrationRemoteDataManager.swift */; };
		97150828229C17A900F9AD5B /* RegistrationPrsenter.swift in Sources */ = {isa = PBXBuildFile; fileRef = 9715080B229C17A900F9AD5B /* RegistrationPrsenter.swift */; };
		97150829229C17A900F9AD5B /* RegistrationWireFrame.swift in Sources */ = {isa = PBXBuildFile; fileRef = 9715080D229C17A900F9AD5B /* RegistrationWireFrame.swift */; };
		9715082A229C17A900F9AD5B /* RegistrationView.swift in Sources */ = {isa = PBXBuildFile; fileRef = 9715080F229C17A900F9AD5B /* RegistrationView.swift */; };
		9715082B229C17A900F9AD5B /* Registration.storyboard in Resources */ = {isa = PBXBuildFile; fileRef = 97150810229C17A900F9AD5B /* Registration.storyboard */; };
		9715082C229C17A900F9AD5B /* RegistrationProtocol.swift in Sources */ = {isa = PBXBuildFile; fileRef = 97150812229C17A900F9AD5B /* RegistrationProtocol.swift */; };
		9715082D229C17A900F9AD5B /* RegistrationInteractor.swift in Sources */ = {isa = PBXBuildFile; fileRef = 97150814229C17A900F9AD5B /* RegistrationInteractor.swift */; };
		9715082E229C17A900F9AD5B /* FormListLocalDataManager.swift in Sources */ = {isa = PBXBuildFile; fileRef = 97150818229C17A900F9AD5B /* FormListLocalDataManager.swift */; };
		9715082F229C17A900F9AD5B /* FormListRemoteDataManager.swift in Sources */ = {isa = PBXBuildFile; fileRef = 9715081A229C17A900F9AD5B /* FormListRemoteDataManager.swift */; };
		97150830229C17A900F9AD5B /* FormListPrsenter.swift in Sources */ = {isa = PBXBuildFile; fileRef = 9715081C229C17A900F9AD5B /* FormListPrsenter.swift */; };
		97150831229C17A900F9AD5B /* FormListWireFrame.swift in Sources */ = {isa = PBXBuildFile; fileRef = 9715081E229C17A900F9AD5B /* FormListWireFrame.swift */; };
		97150832229C17A900F9AD5B /* FormListView.swift in Sources */ = {isa = PBXBuildFile; fileRef = 97150820229C17A900F9AD5B /* FormListView.swift */; };
		97150833229C17A900F9AD5B /* FormList.storyboard in Resources */ = {isa = PBXBuildFile; fileRef = 97150821229C17A900F9AD5B /* FormList.storyboard */; };
		97150834229C17A900F9AD5B /* FormListProtocol.swift in Sources */ = {isa = PBXBuildFile; fileRef = 97150823229C17A900F9AD5B /* FormListProtocol.swift */; };
		97150835229C17A900F9AD5B /* FormListInteractor.swift in Sources */ = {isa = PBXBuildFile; fileRef = 97150825229C17A900F9AD5B /* FormListInteractor.swift */; };
		9715084D229D103D00F9AD5B /* Constants.swift in Sources */ = {isa = PBXBuildFile; fileRef = 9715084C229D103D00F9AD5B /* Constants.swift */; };
		97150850229D2A2E00F9AD5B /* RootWireframe.swift in Sources */ = {isa = PBXBuildFile; fileRef = 9715084F229D2A2E00F9AD5B /* RootWireframe.swift */; };
		97150857229D3AD600F9AD5B /* RegistrationForms.xcdatamodeld in Sources */ = {isa = PBXBuildFile; fileRef = 97150855229D3AD600F9AD5B /* RegistrationForms.xcdatamodeld */; };
		97150859229D3B5700F9AD5B /* FormInputModel.swift in Sources */ = {isa = PBXBuildFile; fileRef = 97150858229D3B5700F9AD5B /* FormInputModel.swift */; };
		9715085B229D50AE00F9AD5B /* CustomAlartController.swift in Sources */ = {isa = PBXBuildFile; fileRef = 9715085A229D50AE00F9AD5B /* CustomAlartController.swift */; };
		9715085E229D51FA00F9AD5B /* Utility.swift in Sources */ = {isa = PBXBuildFile; fileRef = 9715085D229D51FA00F9AD5B /* Utility.swift */; };
		97150864229D554200F9AD5B /* CustomCell.xib in Resources */ = {isa = PBXBuildFile; fileRef = 97150860229D554200F9AD5B /* CustomCell.xib */; };
		97150865229D554200F9AD5B /* CustomCell.swift in Sources */ = {isa = PBXBuildFile; fileRef = 97150861229D554200F9AD5B /* CustomCell.swift */; };
		97150866229D554200F9AD5B /* CustomHeaderView.xib in Resources */ = {isa = PBXBuildFile; fileRef = 97150862229D554200F9AD5B /* CustomHeaderView.xib */; };
		97150867229D554200F9AD5B /* CustomHeaderView.swift in Sources */ = {isa = PBXBuildFile; fileRef = 97150863229D554200F9AD5B /* CustomHeaderView.swift */; };
		9715086A229D694C00F9AD5B /* BAManagedObject.swift in Sources */ = {isa = PBXBuildFile; fileRef = 97150869229D694C00F9AD5B /* BAManagedObject.swift */; };
		9715086C229D6AC000F9AD5B /* RegistrationDataHandler.swift in Sources */ = {isa = PBXBuildFile; fileRef = 9715086B229D6AC000F9AD5B /* RegistrationDataHandler.swift */; };
		9715086F229E7C2A00F9AD5B /* FormListCell.swift in Sources */ = {isa = PBXBuildFile; fileRef = 9715086E229E7C2A00F9AD5B /* FormListCell.swift */; };
/* End PBXBuildFile section */

/* Begin PBXFileReference section */
		0DDE929BE688BC40D121BE9E /* Pods-RegistrationForms.release.xcconfig */ = {isa = PBXFileReference; includeInIndex = 1; lastKnownFileType = text.xcconfig; name = "Pods-RegistrationForms.release.xcconfig"; path = "Pods/Target Support Files/Pods-RegistrationForms/Pods-RegistrationForms.release.xcconfig"; sourceTree = "<group>"; };
		906147EFD911F34D6D86865D /* Pods_RegistrationForms.framework */ = {isa = PBXFileReference; explicitFileType = wrapper.framework; includeInIndex = 0; path = Pods_RegistrationForms.framework; sourceTree = BUILT_PRODUCTS_DIR; };
		9204A0188CA3A0EB364B1662 /* Pods-RegistrationForms.debug.xcconfig */ = {isa = PBXFileReference; includeInIndex = 1; lastKnownFileType = text.xcconfig; name = "Pods-RegistrationForms.debug.xcconfig"; path = "Pods/Target Support Files/Pods-RegistrationForms/Pods-RegistrationForms.debug.xcconfig"; sourceTree = "<group>"; };
		971507ED229C15D800F9AD5B /* RegistrationForms.app */ = {isa = PBXFileReference; explicitFileType = wrapper.application; includeInIndex = 0; path = RegistrationForms.app; sourceTree = BUILT_PRODUCTS_DIR; };
		971507F0229C15D800F9AD5B /* AppDelegate.swift */ = {isa = PBXFileReference; lastKnownFileType = sourcecode.swift; path = AppDelegate.swift; sourceTree = "<group>"; };
		971507F7229C15D900F9AD5B /* Assets.xcassets */ = {isa = PBXFileReference; lastKnownFileType = folder.assetcatalog; path = Assets.xcassets; sourceTree = "<group>"; };
		971507FA229C15D900F9AD5B /* Base */ = {isa = PBXFileReference; lastKnownFileType = file.storyboard; name = Base; path = Base.lproj/LaunchScreen.storyboard; sourceTree = "<group>"; };
		971507FC229C15D900F9AD5B /* Info.plist */ = {isa = PBXFileReference; lastKnownFileType = text.plist.xml; path = Info.plist; sourceTree = "<group>"; };
		97150807229C17A900F9AD5B /* RegistrationLocalDataManager.swift */ = {isa = PBXFileReference; fileEncoding = 4; lastKnownFileType = sourcecode.swift; path = RegistrationLocalDataManager.swift; sourceTree = "<group>"; };
		97150809229C17A900F9AD5B /* RegistrationRemoteDataManager.swift */ = {isa = PBXFileReference; fileEncoding = 4; lastKnownFileType = sourcecode.swift; path = RegistrationRemoteDataManager.swift; sourceTree = "<group>"; };
		9715080B229C17A900F9AD5B /* RegistrationPrsenter.swift */ = {isa = PBXFileReference; fileEncoding = 4; lastKnownFileType = sourcecode.swift; path = RegistrationPrsenter.swift; sourceTree = "<group>"; };
		9715080D229C17A900F9AD5B /* RegistrationWireFrame.swift */ = {isa = PBXFileReference; fileEncoding = 4; lastKnownFileType = sourcecode.swift; path = RegistrationWireFrame.swift; sourceTree = "<group>"; };
		9715080F229C17A900F9AD5B /* RegistrationView.swift */ = {isa = PBXFileReference; fileEncoding = 4; lastKnownFileType = sourcecode.swift; path = RegistrationView.swift; sourceTree = "<group>"; };
		97150810229C17A900F9AD5B /* Registration.storyboard */ = {isa = PBXFileReference; fileEncoding = 4; lastKnownFileType = file.storyboard; path = Registration.storyboard; sourceTree = "<group>"; };
		97150812229C17A900F9AD5B /* RegistrationProtocol.swift */ = {isa = PBXFileReference; fileEncoding = 4; lastKnownFileType = sourcecode.swift; path = RegistrationProtocol.swift; sourceTree = "<group>"; };
		97150814229C17A900F9AD5B /* RegistrationInteractor.swift */ = {isa = PBXFileReference; fileEncoding = 4; lastKnownFileType = sourcecode.swift; path = RegistrationInteractor.swift; sourceTree = "<group>"; };
		97150818229C17A900F9AD5B /* FormListLocalDataManager.swift */ = {isa = PBXFileReference; fileEncoding = 4; lastKnownFileType = sourcecode.swift; path = FormListLocalDataManager.swift; sourceTree = "<group>"; };
		9715081A229C17A900F9AD5B /* FormListRemoteDataManager.swift */ = {isa = PBXFileReference; fileEncoding = 4; lastKnownFileType = sourcecode.swift; path = FormListRemoteDataManager.swift; sourceTree = "<group>"; };
		9715081C229C17A900F9AD5B /* FormListPrsenter.swift */ = {isa = PBXFileReference; fileEncoding = 4; lastKnownFileType = sourcecode.swift; path = FormListPrsenter.swift; sourceTree = "<group>"; };
		9715081E229C17A900F9AD5B /* FormListWireFrame.swift */ = {isa = PBXFileReference; fileEncoding = 4; lastKnownFileType = sourcecode.swift; path = FormListWireFrame.swift; sourceTree = "<group>"; };
		97150820229C17A900F9AD5B /* FormListView.swift */ = {isa = PBXFileReference; fileEncoding = 4; lastKnownFileType = sourcecode.swift; path = FormListView.swift; sourceTree = "<group>"; };
		97150821229C17A900F9AD5B /* FormList.storyboard */ = {isa = PBXFileReference; fileEncoding = 4; lastKnownFileType = file.storyboard; path = FormList.storyboard; sourceTree = "<group>"; };
		97150823229C17A900F9AD5B /* FormListProtocol.swift */ = {isa = PBXFileReference; fileEncoding = 4; lastKnownFileType = sourcecode.swift; path = FormListProtocol.swift; sourceTree = "<group>"; };
		97150825229C17A900F9AD5B /* FormListInteractor.swift */ = {isa = PBXFileReference; fileEncoding = 4; lastKnownFileType = sourcecode.swift; path = FormListInteractor.swift; sourceTree = "<group>"; };
		9715084C229D103D00F9AD5B /* Constants.swift */ = {isa = PBXFileReference; lastKnownFileType = sourcecode.swift; path = Constants.swift; sourceTree = "<group>"; };
		9715084F229D2A2E00F9AD5B /* RootWireframe.swift */ = {isa = PBXFileReference; lastKnownFileType = sourcecode.swift; path = RootWireframe.swift; sourceTree = "<group>"; };
		97150856229D3AD600F9AD5B /* RegistrationForms.xcdatamodel */ = {isa = PBXFileReference; lastKnownFileType = wrapper.xcdatamodel; path = RegistrationForms.xcdatamodel; sourceTree = "<group>"; };
		97150858229D3B5700F9AD5B /* FormInputModel.swift */ = {isa = PBXFileReference; lastKnownFileType = sourcecode.swift; path = FormInputModel.swift; sourceTree = "<group>"; };
		9715085A229D50AE00F9AD5B /* CustomAlartController.swift */ = {isa = PBXFileReference; lastKnownFileType = sourcecode.swift; path = CustomAlartController.swift; sourceTree = "<group>"; };
		9715085D229D51FA00F9AD5B /* Utility.swift */ = {isa = PBXFileReference; lastKnownFileType = sourcecode.swift; path = Utility.swift; sourceTree = "<group>"; };
		97150860229D554200F9AD5B /* CustomCell.xib */ = {isa = PBXFileReference; fileEncoding = 4; lastKnownFileType = file.xib; path = CustomCell.xib; sourceTree = "<group>"; };
		97150861229D554200F9AD5B /* CustomCell.swift */ = {isa = PBXFileReference; fileEncoding = 4; lastKnownFileType = sourcecode.swift; path = CustomCell.swift; sourceTree = "<group>"; };
		97150862229D554200F9AD5B /* CustomHeaderView.xib */ = {isa = PBXFileReference; fileEncoding = 4; lastKnownFileType = file.xib; path = CustomHeaderView.xib; sourceTree = "<group>"; };
		97150863229D554200F9AD5B /* CustomHeaderView.swift */ = {isa = PBXFileReference; fileEncoding = 4; lastKnownFileType = sourcecode.swift; path = CustomHeaderView.swift; sourceTree = "<group>"; };
		97150869229D694C00F9AD5B /* BAManagedObject.swift */ = {isa = PBXFileReference; lastKnownFileType = sourcecode.swift; path = BAManagedObject.swift; sourceTree = "<group>"; };
		9715086B229D6AC000F9AD5B /* RegistrationDataHandler.swift */ = {isa = PBXFileReference; lastKnownFileType = sourcecode.swift; path = RegistrationDataHandler.swift; sourceTree = "<group>"; };
		9715086E229E7C2A00F9AD5B /* FormListCell.swift */ = {isa = PBXFileReference; lastKnownFileType = sourcecode.swift; path = FormListCell.swift; sourceTree = "<group>"; };
/* End PBXFileReference section */

/* Begin PBXFrameworksBuildPhase section */
		971507EA229C15D800F9AD5B /* Frameworks */ = {
			isa = PBXFrameworksBuildPhase;
			buildActionMask = 2147483647;
			files = (
				8AD5907AA533C7805C819C62 /* Pods_RegistrationForms.framework in Frameworks */,
			);
			runOnlyForDeploymentPostprocessing = 0;
		};
/* End PBXFrameworksBuildPhase section */

/* Begin PBXGroup section */
		6AB5FB8FDBBE5AB571BCDA16 /* Frameworks */ = {
			isa = PBXGroup;
			children = (
				906147EFD911F34D6D86865D /* Pods_RegistrationForms.framework */,
			);
			name = Frameworks;
			sourceTree = "<group>";
		};
		971507E4229C15D800F9AD5B = {
			isa = PBXGroup;
			children = (
				971507EF229C15D800F9AD5B /* RegistrationForms */,
				971507EE229C15D800F9AD5B /* Products */,
				C5FE8F2A5AF5B91FC2B4AA40 /* Pods */,
				6AB5FB8FDBBE5AB571BCDA16 /* Frameworks */,
			);
			sourceTree = "<group>";
		};
		971507EE229C15D800F9AD5B /* Products */ = {
			isa = PBXGroup;
			children = (
				971507ED229C15D800F9AD5B /* RegistrationForms.app */,
			);
			name = Products;
			sourceTree = "<group>";
		};
		971507EF229C15D800F9AD5B /* RegistrationForms */ = {
			isa = PBXGroup;
			children = (
				97150802229C162D00F9AD5B /* Common */,
				97150803229C163600F9AD5B /* Moduls */,
				971507F0229C15D800F9AD5B /* AppDelegate.swift */,
				971507F7229C15D900F9AD5B /* Assets.xcassets */,
				971507F9229C15D900F9AD5B /* LaunchScreen.storyboard */,
				971507FC229C15D900F9AD5B /* Info.plist */,
			);
			path = RegistrationForms;
			sourceTree = "<group>";
		};
		97150802229C162D00F9AD5B /* Common */ = {
			isa = PBXGroup;
			children = (
				9715085C229D51E600F9AD5B /* Utility */,
				97150851229D3A2600F9AD5B /* DataModel */,
				9715084E229D2A1C00F9AD5B /* CustomController */,
				9715084B229D102C00F9AD5B /* Constants */,
				97150836229D092A00F9AD5B /* models */,
			);
			path = Common;
			sourceTree = "<group>";
		};
		97150803229C163600F9AD5B /* Moduls */ = {
			isa = PBXGroup;
			children = (
				97150815229C17A900F9AD5B /* FormList */,
				97150804229C17A900F9AD5B /* Registration */,
			);
			path = Moduls;
			sourceTree = "<group>";
		};
		97150804229C17A900F9AD5B /* Registration */ = {
			isa = PBXGroup;
			children = (
				97150805229C17A900F9AD5B /* DataManager */,
				97150813229C17A900F9AD5B /* Interactor */,
				9715080A229C17A900F9AD5B /* Presenter */,
				9715080E229C17A900F9AD5B /* View */,
				9715080C229C17A900F9AD5B /* WireFrame */,
				97150811229C17A900F9AD5B /* Protocols */,
			);
			path = Registration;
			sourceTree = "<group>";
		};
		97150805229C17A900F9AD5B /* DataManager */ = {
			isa = PBXGroup;
			children = (
				97150806229C17A900F9AD5B /* Local */,
				97150808229C17A900F9AD5B /* API */,
			);
			path = DataManager;
			sourceTree = "<group>";
		};
		97150806229C17A900F9AD5B /* Local */ = {
			isa = PBXGroup;
			children = (
				97150807229C17A900F9AD5B /* RegistrationLocalDataManager.swift */,
			);
			path = Local;
			sourceTree = "<group>";
		};
		97150808229C17A900F9AD5B /* API */ = {
			isa = PBXGroup;
			children = (
				97150809229C17A900F9AD5B /* RegistrationRemoteDataManager.swift */,
			);
			path = API;
			sourceTree = "<group>";
		};
		9715080A229C17A900F9AD5B /* Presenter */ = {
			isa = PBXGroup;
			children = (
				9715080B229C17A900F9AD5B /* RegistrationPrsenter.swift */,
			);
			path = Presenter;
			sourceTree = "<group>";
		};
		9715080C229C17A900F9AD5B /* WireFrame */ = {
			isa = PBXGroup;
			children = (
				9715080D229C17A900F9AD5B /* RegistrationWireFrame.swift */,
			);
			path = WireFrame;
			sourceTree = "<group>";
		};
		9715080E229C17A900F9AD5B /* View */ = {
			isa = PBXGroup;
			children = (
				9715080F229C17A900F9AD5B /* RegistrationView.swift */,
				97150810229C17A900F9AD5B /* Registration.storyboard */,
			);
			path = View;
			sourceTree = "<group>";
		};
		97150811229C17A900F9AD5B /* Protocols */ = {
			isa = PBXGroup;
			children = (
				97150812229C17A900F9AD5B /* RegistrationProtocol.swift */,
			);
			path = Protocols;
			sourceTree = "<group>";
		};
		97150813229C17A900F9AD5B /* Interactor */ = {
			isa = PBXGroup;
			children = (
				97150814229C17A900F9AD5B /* RegistrationInteractor.swift */,
			);
			path = Interactor;
			sourceTree = "<group>";
		};
		97150815229C17A900F9AD5B /* FormList */ = {
			isa = PBXGroup;
			children = (
				97150816229C17A900F9AD5B /* DataManager */,
				97150824229C17A900F9AD5B /* Interactor */,
				9715081B229C17A900F9AD5B /* Presenter */,
				9715081F229C17A900F9AD5B /* View */,
				9715081D229C17A900F9AD5B /* WireFrame */,
				97150822229C17A900F9AD5B /* Protocols */,
			);
			path = FormList;
			sourceTree = "<group>";
		};
		97150816229C17A900F9AD5B /* DataManager */ = {
			isa = PBXGroup;
			children = (
				97150817229C17A900F9AD5B /* Local */,
				97150819229C17A900F9AD5B /* API */,
			);
			path = DataManager;
			sourceTree = "<group>";
		};
		97150817229C17A900F9AD5B /* Local */ = {
			isa = PBXGroup;
			children = (
				97150818229C17A900F9AD5B /* FormListLocalDataManager.swift */,
			);
			path = Local;
			sourceTree = "<group>";
		};
		97150819229C17A900F9AD5B /* API */ = {
			isa = PBXGroup;
			children = (
				9715081A229C17A900F9AD5B /* FormListRemoteDataManager.swift */,
			);
			path = API;
			sourceTree = "<group>";
		};
		9715081B229C17A900F9AD5B /* Presenter */ = {
			isa = PBXGroup;
			children = (
				9715081C229C17A900F9AD5B /* FormListPrsenter.swift */,
			);
			path = Presenter;
			sourceTree = "<group>";
		};
		9715081D229C17A900F9AD5B /* WireFrame */ = {
			isa = PBXGroup;
			children = (
				9715081E229C17A900F9AD5B /* FormListWireFrame.swift */,
			);
			path = WireFrame;
			sourceTree = "<group>";
		};
		9715081F229C17A900F9AD5B /* View */ = {
			isa = PBXGroup;
			children = (
				9715086D229E7BFF00F9AD5B /* TableViewCell */,
				97150820229C17A900F9AD5B /* FormListView.swift */,
				97150821229C17A900F9AD5B /* FormList.storyboard */,
			);
			path = View;
			sourceTree = "<group>";
		};
		97150822229C17A900F9AD5B /* Protocols */ = {
			isa = PBXGroup;
			children = (
				97150823229C17A900F9AD5B /* FormListProtocol.swift */,
			);
			path = Protocols;
			sourceTree = "<group>";
		};
		97150824229C17A900F9AD5B /* Interactor */ = {
			isa = PBXGroup;
			children = (
				97150825229C17A900F9AD5B /* FormListInteractor.swift */,
			);
			path = Interactor;
			sourceTree = "<group>";
		};
		97150836229D092A00F9AD5B /* models */ = {
			isa = PBXGroup;
			children = (
				97150858229D3B5700F9AD5B /* FormInputModel.swift */,
			);
			path = models;
			sourceTree = "<group>";
		};
		9715084B229D102C00F9AD5B /* Constants */ = {
			isa = PBXGroup;
			children = (
				9715084C229D103D00F9AD5B /* Constants.swift */,
			);
			path = Constants;
			sourceTree = "<group>";
		};
		9715084E229D2A1C00F9AD5B /* CustomController */ = {
			isa = PBXGroup;
			children = (
				9715085F229D554200F9AD5B /* CustomAlartController */,
				9715084F229D2A2E00F9AD5B /* RootWireframe.swift */,
			);
			path = CustomController;
			sourceTree = "<group>";
		};
		97150851229D3A2600F9AD5B /* DataModel */ = {
			isa = PBXGroup;
			children = (
				97150868229D692B00F9AD5B /* DBManage */,
				97150855229D3AD600F9AD5B /* RegistrationForms.xcdatamodeld */,
			);
			path = DataModel;
			sourceTree = "<group>";
		};
		9715085C229D51E600F9AD5B /* Utility */ = {
			isa = PBXGroup;
			children = (
				9715085D229D51FA00F9AD5B /* Utility.swift */,
			);
			path = Utility;
			sourceTree = "<group>";
		};
		9715085F229D554200F9AD5B /* CustomAlartController */ = {
			isa = PBXGroup;
			children = (
				9715085A229D50AE00F9AD5B /* CustomAlartController.swift */,
				97150860229D554200F9AD5B /* CustomCell.xib */,
				97150861229D554200F9AD5B /* CustomCell.swift */,
				97150862229D554200F9AD5B /* CustomHeaderView.xib */,
				97150863229D554200F9AD5B /* CustomHeaderView.swift */,
			);
			path = CustomAlartController;
			sourceTree = "<group>";
		};
		97150868229D692B00F9AD5B /* DBManage */ = {
			isa = PBXGroup;
			children = (
				97150869229D694C00F9AD5B /* BAManagedObject.swift */,
				9715086B229D6AC000F9AD5B /* RegistrationDataHandler.swift */,
			);
			path = DBManage;
			sourceTree = "<group>";
		};
		9715086D229E7BFF00F9AD5B /* TableViewCell */ = {
			isa = PBXGroup;
			children = (
				9715086E229E7C2A00F9AD5B /* FormListCell.swift */,
			);
			path = TableViewCell;
			sourceTree = "<group>";
		};
		C5FE8F2A5AF5B91FC2B4AA40 /* Pods */ = {
			isa = PBXGroup;
			children = (
				9204A0188CA3A0EB364B1662 /* Pods-RegistrationForms.debug.xcconfig */,
				0DDE929BE688BC40D121BE9E /* Pods-RegistrationForms.release.xcconfig */,
			);
			name = Pods;
			sourceTree = "<group>";
		};
/* End PBXGroup section */

/* Begin PBXNativeTarget section */
		971507EC229C15D800F9AD5B /* RegistrationForms */ = {
			isa = PBXNativeTarget;
			buildConfigurationList = 971507FF229C15D900F9AD5B /* Build configuration list for PBXNativeTarget "RegistrationForms" */;
			buildPhases = (
				3353033BFD3AC14ECE7B92B6 /* [CP] Check Pods Manifest.lock */,
				971507E9229C15D800F9AD5B /* Sources */,
				971507EA229C15D800F9AD5B /* Frameworks */,
				971507EB229C15D800F9AD5B /* Resources */,
				44B753D9826BDEBC64B3A90A /* [CP] Embed Pods Frameworks */,
				1233A204FC8155F02EEC0513 /* [CP] Copy Pods Resources */,
			);
			buildRules = (
			);
			dependencies = (
			);
			name = RegistrationForms;
			productName = RegistrationForms;
			productReference = 971507ED229C15D800F9AD5B /* RegistrationForms.app */;
			productType = "com.apple.product-type.application";
		};
/* End PBXNativeTarget section */

/* Begin PBXProject section */
		971507E5229C15D800F9AD5B /* Project object */ = {
			isa = PBXProject;
			attributes = {
				LastSwiftUpdateCheck = 1010;
				LastUpgradeCheck = 1010;
				ORGANIZATIONNAME = C1X;
				TargetAttributes = {
					971507EC229C15D800F9AD5B = {
						CreatedOnToolsVersion = 10.1;
					};
				};
			};
			buildConfigurationList = 971507E8229C15D800F9AD5B /* Build configuration list for PBXProject "RegistrationForms" */;
			compatibilityVersion = "Xcode 9.3";
			developmentRegion = en;
			hasScannedForEncodings = 0;
			knownRegions = (
				en,
				Base,
			);
			mainGroup = 971507E4229C15D800F9AD5B;
			productRefGroup = 971507EE229C15D800F9AD5B /* Products */;
			projectDirPath = "";
			projectRoot = "";
			targets = (
				971507EC229C15D800F9AD5B /* RegistrationForms */,
			);
		};
/* End PBXProject section */

/* Begin PBXResourcesBuildPhase section */
		971507EB229C15D800F9AD5B /* Resources */ = {
			isa = PBXResourcesBuildPhase;
			buildActionMask = 2147483647;
			files = (
				97150864229D554200F9AD5B /* CustomCell.xib in Resources */,
				971507FB229C15D900F9AD5B /* LaunchScreen.storyboard in Resources */,
				9715082B229C17A900F9AD5B /* Registration.storyboard in Resources */,
				971507F8229C15D900F9AD5B /* Assets.xcassets in Resources */,
				97150866229D554200F9AD5B /* CustomHeaderView.xib in Resources */,
				97150833229C17A900F9AD5B /* FormList.storyboard in Resources */,
			);
			runOnlyForDeploymentPostprocessing = 0;
		};
/* End PBXResourcesBuildPhase section */

/* Begin PBXShellScriptBuildPhase section */
		1233A204FC8155F02EEC0513 /* [CP] Copy Pods Resources */ = {
			isa = PBXShellScriptBuildPhase;
			buildActionMask = 2147483647;
			files = (
			);
			inputFileListPaths = (
			);
			inputPaths = (
			);
			name = "[CP] Copy Pods Resources";
			outputFileListPaths = (
			);
			outputPaths = (
			);
			runOnlyForDeploymentPostprocessing = 0;
			shellPath = /bin/sh;
			shellScript = "\"${SRCROOT}/Pods/Target Support Files/Pods-RegistrationForms/Pods-RegistrationForms-resources.sh\"\n";
			showEnvVarsInLog = 0;
		};
		3353033BFD3AC14ECE7B92B6 /* [CP] Check Pods Manifest.lock */ = {
			isa = PBXShellScriptBuildPhase;
			buildActionMask = 2147483647;
			files = (
			);
			inputFileListPaths = (
			);
			inputPaths = (
				"${PODS_PODFILE_DIR_PATH}/Podfile.lock",
				"${PODS_ROOT}/Manifest.lock",
			);
			name = "[CP] Check Pods Manifest.lock";
			outputFileListPaths = (
			);
			outputPaths = (
				"$(DERIVED_FILE_DIR)/Pods-RegistrationForms-checkManifestLockResult.txt",
			);
			runOnlyForDeploymentPostprocessing = 0;
			shellPath = /bin/sh;
			shellScript = "diff \"${PODS_PODFILE_DIR_PATH}/Podfile.lock\" \"${PODS_ROOT}/Manifest.lock\" > /dev/null\nif [ $? != 0 ] ; then\n    # print error to STDERR\n    echo \"error: The sandbox is not in sync with the Podfile.lock. Run 'pod install' or update your CocoaPods installation.\" >&2\n    exit 1\nfi\n# This output is used by Xcode 'outputs' to avoid re-running this script phase.\necho \"SUCCESS\" > \"${SCRIPT_OUTPUT_FILE_0}\"\n";
			showEnvVarsInLog = 0;
		};
		44B753D9826BDEBC64B3A90A /* [CP] Embed Pods Frameworks */ = {
			isa = PBXShellScriptBuildPhase;
			buildActionMask = 2147483647;
			files = (
			);
			inputFileListPaths = (
			);
			inputPaths = (
				"${SRCROOT}/Pods/Target Support Files/Pods-RegistrationForms/Pods-RegistrationForms-frameworks.sh",
				"${BUILT_PRODUCTS_DIR}/Alamofire/Alamofire.framework",
				"${BUILT_PRODUCTS_DIR}/ObjectMapper/ObjectMapper.framework",
				"${BUILT_PRODUCTS_DIR}/Toast-Swift/Toast_Swift.framework",
			);
			name = "[CP] Embed Pods Frameworks";
			outputFileListPaths = (
			);
			outputPaths = (
				"${TARGET_BUILD_DIR}/${FRAMEWORKS_FOLDER_PATH}/Alamofire.framework",
				"${TARGET_BUILD_DIR}/${FRAMEWORKS_FOLDER_PATH}/ObjectMapper.framework",
				"${TARGET_BUILD_DIR}/${FRAMEWORKS_FOLDER_PATH}/Toast_Swift.framework",
			);
			runOnlyForDeploymentPostprocessing = 0;
			shellPath = /bin/sh;
			shellScript = "\"${SRCROOT}/Pods/Target Support Files/Pods-RegistrationForms/Pods-RegistrationForms-frameworks.sh\"\n";
			showEnvVarsInLog = 0;
		};
/* End PBXShellScriptBuildPhase section */

/* Begin PBXSourcesBuildPhase section */
		971507E9229C15D800F9AD5B /* Sources */ = {
			isa = PBXSourcesBuildPhase;
			buildActionMask = 2147483647;
			files = (
				97150831229C17A900F9AD5B /* FormListWireFrame.swift in Sources */,
				9715086C229D6AC000F9AD5B /* RegistrationDataHandler.swift in Sources */,
				97150832229C17A900F9AD5B /* FormListView.swift in Sources */,
				97150865229D554200F9AD5B /* CustomCell.swift in Sources */,
				971507F1229C15D800F9AD5B /* AppDelegate.swift in Sources */,
				9715082C229C17A900F9AD5B /* RegistrationProtocol.swift in Sources */,
				9715082D229C17A900F9AD5B /* RegistrationInteractor.swift in Sources */,
				9715084D229D103D00F9AD5B /* Constants.swift in Sources */,
				9715086A229D694C00F9AD5B /* BAManagedObject.swift in Sources */,
				97150827229C17A900F9AD5B /* RegistrationRemoteDataManager.swift in Sources */,
				97150834229C17A900F9AD5B /* FormListProtocol.swift in Sources */,
				9715086F229E7C2A00F9AD5B /* FormListCell.swift in Sources */,
				9715082E229C17A900F9AD5B /* FormListLocalDataManager.swift in Sources */,
				9715082A229C17A900F9AD5B /* RegistrationView.swift in Sources */,
				97150867229D554200F9AD5B /* CustomHeaderView.swift in Sources */,
				97150829229C17A900F9AD5B /* RegistrationWireFrame.swift in Sources */,
				97150859229D3B5700F9AD5B /* FormInputModel.swift in Sources */,
				97150830229C17A900F9AD5B /* FormListPrsenter.swift in Sources */,
				9715085B229D50AE00F9AD5B /* CustomAlartController.swift in Sources */,
				9715085E229D51FA00F9AD5B /* Utility.swift in Sources */,
				9715082F229C17A900F9AD5B /* FormListRemoteDataManager.swift in Sources */,
				97150857229D3AD600F9AD5B /* RegistrationForms.xcdatamodeld in Sources */,
				97150850229D2A2E00F9AD5B /* RootWireframe.swift in Sources */,
				97150826229C17A900F9AD5B /* RegistrationLocalDataManager.swift in Sources */,
				97150835229C17A900F9AD5B /* FormListInteractor.swift in Sources */,
				97150828229C17A900F9AD5B /* RegistrationPrsenter.swift in Sources */,
			);
			runOnlyForDeploymentPostprocessing = 0;
		};
/* End PBXSourcesBuildPhase section */

/* Begin PBXVariantGroup section */
		971507F9229C15D900F9AD5B /* LaunchScreen.storyboard */ = {
			isa = PBXVariantGroup;
			children = (
				971507FA229C15D900F9AD5B /* Base */,
			);
			name = LaunchScreen.storyboard;
			sourceTree = "<group>";
		};
/* End PBXVariantGroup section */

/* Begin XCBuildConfiguration section */
		971507FD229C15D900F9AD5B /* Debug */ = {
			isa = XCBuildConfiguration;
			buildSettings = {
				ALWAYS_SEARCH_USER_PATHS = NO;
				CLANG_ANALYZER_NONNULL = YES;
				CLANG_ANALYZER_NUMBER_OBJECT_CONVERSION = YES_AGGRESSIVE;
				CLANG_CXX_LANGUAGE_STANDARD = "gnu++14";
				CLANG_CXX_LIBRARY = "libc++";
				CLANG_ENABLE_MODULES = YES;
				CLANG_ENABLE_OBJC_ARC = YES;
				CLANG_ENABLE_OBJC_WEAK = YES;
				CLANG_WARN_BLOCK_CAPTURE_AUTORELEASING = YES;
				CLANG_WARN_BOOL_CONVERSION = YES;
				CLANG_WARN_COMMA = YES;
				CLANG_WARN_CONSTANT_CONVERSION = YES;
				CLANG_WARN_DEPRECATED_OBJC_IMPLEMENTATIONS = YES;
				CLANG_WARN_DIRECT_OBJC_ISA_USAGE = YES_ERROR;
				CLANG_WARN_DOCUMENTATION_COMMENTS = YES;
				CLANG_WARN_EMPTY_BODY = YES;
				CLANG_WARN_ENUM_CONVERSION = YES;
				CLANG_WARN_INFINITE_RECURSION = YES;
				CLANG_WARN_INT_CONVERSION = YES;
				CLANG_WARN_NON_LITERAL_NULL_CONVERSION = YES;
				CLANG_WARN_OBJC_IMPLICIT_RETAIN_SELF = YES;
				CLANG_WARN_OBJC_LITERAL_CONVERSION = YES;
				CLANG_WARN_OBJC_ROOT_CLASS = YES_ERROR;
				CLANG_WARN_RANGE_LOOP_ANALYSIS = YES;
				CLANG_WARN_STRICT_PROTOTYPES = YES;
				CLANG_WARN_SUSPICIOUS_MOVE = YES;
				CLANG_WARN_UNGUARDED_AVAILABILITY = YES_AGGRESSIVE;
				CLANG_WARN_UNREACHABLE_CODE = YES;
				CLANG_WARN__DUPLICATE_METHOD_MATCH = YES;
				CODE_SIGN_IDENTITY = "iPhone Developer";
				COPY_PHASE_STRIP = NO;
				DEBUG_INFORMATION_FORMAT = dwarf;
				ENABLE_STRICT_OBJC_MSGSEND = YES;
				ENABLE_TESTABILITY = YES;
				GCC_C_LANGUAGE_STANDARD = gnu11;
				GCC_DYNAMIC_NO_PIC = NO;
				GCC_NO_COMMON_BLOCKS = YES;
				GCC_OPTIMIZATION_LEVEL = 0;
				GCC_PREPROCESSOR_DEFINITIONS = (
					"DEBUG=1",
					"$(inherited)",
				);
				GCC_WARN_64_TO_32_BIT_CONVERSION = YES;
				GCC_WARN_ABOUT_RETURN_TYPE = YES_ERROR;
				GCC_WARN_UNDECLARED_SELECTOR = YES;
				GCC_WARN_UNINITIALIZED_AUTOS = YES_AGGRESSIVE;
				GCC_WARN_UNUSED_FUNCTION = YES;
				GCC_WARN_UNUSED_VARIABLE = YES;
				IPHONEOS_DEPLOYMENT_TARGET = 12.1;
				MTL_ENABLE_DEBUG_INFO = INCLUDE_SOURCE;
				MTL_FAST_MATH = YES;
				ONLY_ACTIVE_ARCH = YES;
				SDKROOT = iphoneos;
				SWIFT_ACTIVE_COMPILATION_CONDITIONS = DEBUG;
				SWIFT_OPTIMIZATION_LEVEL = "-Onone";
			};
			name = Debug;
		};
		971507FE229C15D900F9AD5B /* Release */ = {
			isa = XCBuildConfiguration;
			buildSettings = {
				ALWAYS_SEARCH_USER_PATHS = NO;
				CLANG_ANALYZER_NONNULL = YES;
				CLANG_ANALYZER_NUMBER_OBJECT_CONVERSION = YES_AGGRESSIVE;
				CLANG_CXX_LANGUAGE_STANDARD = "gnu++14";
				CLANG_CXX_LIBRARY = "libc++";
				CLANG_ENABLE_MODULES = YES;
				CLANG_ENABLE_OBJC_ARC = YES;
				CLANG_ENABLE_OBJC_WEAK = YES;
				CLANG_WARN_BLOCK_CAPTURE_AUTORELEASING = YES;
				CLANG_WARN_BOOL_CONVERSION = YES;
				CLANG_WARN_COMMA = YES;
				CLANG_WARN_CONSTANT_CONVERSION = YES;
				CLANG_WARN_DEPRECATED_OBJC_IMPLEMENTATIONS = YES;
				CLANG_WARN_DIRECT_OBJC_ISA_USAGE = YES_ERROR;
				CLANG_WARN_DOCUMENTATION_COMMENTS = YES;
				CLANG_WARN_EMPTY_BODY = YES;
				CLANG_WARN_ENUM_CONVERSION = YES;
				CLANG_WARN_INFINITE_RECURSION = YES;
				CLANG_WARN_INT_CONVERSION = YES;
				CLANG_WARN_NON_LITERAL_NULL_CONVERSION = YES;
				CLANG_WARN_OBJC_IMPLICIT_RETAIN_SELF = YES;
				CLANG_WARN_OBJC_LITERAL_CONVERSION = YES;
				CLANG_WARN_OBJC_ROOT_CLASS = YES_ERROR;
				CLANG_WARN_RANGE_LOOP_ANALYSIS = YES;
				CLANG_WARN_STRICT_PROTOTYPES = YES;
				CLANG_WARN_SUSPICIOUS_MOVE = YES;
				CLANG_WARN_UNGUARDED_AVAILABILITY = YES_AGGRESSIVE;
				CLANG_WARN_UNREACHABLE_CODE = YES;
				CLANG_WARN__DUPLICATE_METHOD_MATCH = YES;
				CODE_SIGN_IDENTITY = "iPhone Developer";
				COPY_PHASE_STRIP = NO;
				DEBUG_INFORMATION_FORMAT = "dwarf-with-dsym";
				ENABLE_NS_ASSERTIONS = NO;
				ENABLE_STRICT_OBJC_MSGSEND = YES;
				GCC_C_LANGUAGE_STANDARD = gnu11;
				GCC_NO_COMMON_BLOCKS = YES;
				GCC_WARN_64_TO_32_BIT_CONVERSION = YES;
				GCC_WARN_ABOUT_RETURN_TYPE = YES_ERROR;
				GCC_WARN_UNDECLARED_SELECTOR = YES;
				GCC_WARN_UNINITIALIZED_AUTOS = YES_AGGRESSIVE;
				GCC_WARN_UNUSED_FUNCTION = YES;
				GCC_WARN_UNUSED_VARIABLE = YES;
				IPHONEOS_DEPLOYMENT_TARGET = 12.1;
				MTL_ENABLE_DEBUG_INFO = NO;
				MTL_FAST_MATH = YES;
				SDKROOT = iphoneos;
				SWIFT_COMPILATION_MODE = wholemodule;
				SWIFT_OPTIMIZATION_LEVEL = "-O";
				VALIDATE_PRODUCT = YES;
			};
			name = Release;
		};
		97150800229C15D900F9AD5B /* Debug */ = {
			isa = XCBuildConfiguration;
			baseConfigurationReference = 9204A0188CA3A0EB364B1662 /* Pods-RegistrationForms.debug.xcconfig */;
			buildSettings = {
				ASSETCATALOG_COMPILER_APPICON_NAME = AppIcon;
				CODE_SIGN_STYLE = Automatic;
				INFOPLIST_FILE = RegistrationForms/Info.plist;
				LD_RUNPATH_SEARCH_PATHS = (
					"$(inherited)",
					"@executable_path/Frameworks",
				);
				PRODUCT_BUNDLE_IDENTIFIER = com.c1x.RegistrationForms;
				PRODUCT_NAME = "$(TARGET_NAME)";
				SWIFT_VERSION = 4.2;
				TARGETED_DEVICE_FAMILY = "1,2";
			};
			name = Debug;
		};
		97150801229C15D900F9AD5B /* Release */ = {
			isa = XCBuildConfiguration;
			baseConfigurationReference = 0DDE929BE688BC40D121BE9E /* Pods-RegistrationForms.release.xcconfig */;
			buildSettings = {
				ASSETCATALOG_COMPILER_APPICON_NAME = AppIcon;
				CODE_SIGN_STYLE = Automatic;
				INFOPLIST_FILE = RegistrationForms/Info.plist;
				LD_RUNPATH_SEARCH_PATHS = (
					"$(inherited)",
					"@executable_path/Frameworks",
				);
				PRODUCT_BUNDLE_IDENTIFIER = com.c1x.RegistrationForms;
				PRODUCT_NAME = "$(TARGET_NAME)";
				SWIFT_VERSION = 4.2;
				TARGETED_DEVICE_FAMILY = "1,2";
			};
			name = Release;
		};
/* End XCBuildConfiguration section */

/* Begin XCConfigurationList section */
		971507E8229C15D800F9AD5B /* Build configuration list for PBXProject "RegistrationForms" */ = {
			isa = XCConfigurationList;
			buildConfigurations = (
				971507FD229C15D900F9AD5B /* Debug */,
				971507FE229C15D900F9AD5B /* Release */,
			);
			defaultConfigurationIsVisible = 0;
			defaultConfigurationName = Release;
		};
		971507FF229C15D900F9AD5B /* Build configuration list for PBXNativeTarget "RegistrationForms" */ = {
			isa = XCConfigurationList;
			buildConfigurations = (
				97150800229C15D900F9AD5B /* Debug */,
				97150801229C15D900F9AD5B /* Release */,
			);
			defaultConfigurationIsVisible = 0;
			defaultConfigurationName = Release;
		};
/* End XCConfigurationList section */

/* Begin XCVersionGroup section */
		97150855229D3AD600F9AD5B /* RegistrationForms.xcdatamodeld */ = {
			isa = XCVersionGroup;
			children = (
				97150856229D3AD600F9AD5B /* RegistrationForms.xcdatamodel */,
			);
			currentVersion = 97150856229D3AD600F9AD5B /* RegistrationForms.xcdatamodel */;
			path = RegistrationForms.xcdatamodeld;
			sourceTree = "<group>";
			versionGroupType = wrapper.xcdatamodel;
		};
/* End XCVersionGroup section */
	};
	rootObject = 971507E5229C15D800F9AD5B /* Project object */;
}
